{
  "nodes": {
    "flake-compat": {
      "flake": false,
      "locked": {
        "lastModified": 1673956053,
        "narHash": "sha256-4gtG9iQuiKITOjNQQeQIpoIB6b16fm+504Ch3sNKLd8=",
        "owner": "edolstra",
        "repo": "flake-compat",
        "rev": "35bb57c0c8d8b62bbfd284272c928ceb64ddbde9",
        "type": "github"
      },
      "original": {
        "owner": "edolstra",
        "repo": "flake-compat",
        "type": "github"
      }
    },
    "flake-compat_2": {
      "flake": false,
      "locked": {
        "lastModified": 1673956053,
        "narHash": "sha256-4gtG9iQuiKITOjNQQeQIpoIB6b16fm+504Ch3sNKLd8=",
        "owner": "edolstra",
        "repo": "flake-compat",
        "rev": "35bb57c0c8d8b62bbfd284272c928ceb64ddbde9",
        "type": "github"
      },
      "original": {
        "owner": "edolstra",
        "repo": "flake-compat",
        "type": "github"
      }
    },
    "flake-utils": {
      "locked": {
        "lastModified": 1659877975,
        "narHash": "sha256-zllb8aq3YO3h8B/U0/J1WBgAL8EX5yWf5pMj3G0NAmc=",
        "owner": "numtide",
        "repo": "flake-utils",
        "rev": "c0e246b9b83f637f4681389ecabcb2681b4f3af0",
        "type": "github"
      },
      "original": {
        "owner": "numtide",
        "repo": "flake-utils",
        "type": "github"
      }
    },
    "home-manager": {
      "inputs": {
        "nixpkgs": [
          "nixpkgs"
        ],
        "utils": "utils"
      },
      "locked": {
        "lastModified": 1677013990,
        "narHash": "sha256-HwAnE5MHsyLiRJp50KfDFPiiOZXI0Ts8hXpIh6yBilE=",
        "owner": "nix-community",
        "repo": "home-manager",
        "rev": "564b82b3542026e7fb5d0da16c56ae3e40e5c9dd",
        "type": "github"
      },
      "original": {
        "owner": "nix-community",
        "repo": "home-manager",
        "type": "github"
      }
    },
    "nix-index-database": {
      "inputs": {
        "nixpkgs": "nixpkgs"
      },
      "locked": {
        "lastModified": 1676778053,
        "narHash": "sha256-5/NghN1FCFpwCWp6Q3W4Of3keKYx/RgCNFuUmk6YmAA=",
        "owner": "Mic92",
        "repo": "nix-index-database",
        "rev": "688adea5ecff698a49461f77d649cc854b805dbc",
        "type": "github"
      },
      "original": {
        "owner": "Mic92",
        "repo": "nix-index-database",
        "type": "github"
      }
    },
    "nixGL": {
      "inputs": {
        "flake-utils": "flake-utils",
        "nixpkgs": [
          "nixpkgs"
        ]
      },
      "locked": {
        "lastModified": 1676383589,
        "narHash": "sha256-KCkWZXCjH+C4Kn7fUGSrEl5btk+sERHhZueSsvVbPWc=",
        "owner": "guibou",
        "repo": "nixGL",
        "rev": "c917918ab9ebeee27b0dd657263d3f57ba6bb8ad",
        "type": "github"
      },
      "original": {
        "owner": "guibou",
        "repo": "nixGL",
        "type": "github"
      }
    },
    "nixpkgs": {
      "locked": {
        "lastModified": 1673364622,
        "narHash": "sha256-5zQ0hJG86SwkXJSitggNxNL+ieBhsq8HKMC7EWuXyK4=",
        "owner": "nixos",
        "repo": "nixpkgs",
        "rev": "03aec194125de1fd6f486d323cee872bb4be88cc",
        "type": "github"
      },
      "original": {
        "owner": "nixos",
        "ref": "master",
        "repo": "nixpkgs",
        "type": "github"
      }
    },
    "nixpkgs_2": {
      "locked": {
        "lastModified": 1677050843,
        "narHash": "sha256-3fcFxn58eCtrXrVPeW/nAg6NR5wUERVEf8zOtjPDzuM=",
        "owner": "NixOS",
        "repo": "nixpkgs",
        "rev": "9e0eed654c705c7cafe192a8eba1610217f70544",
        "type": "github"
      },
      "original": {
        "id": "nixpkgs",
        "ref": "nixpkgs-unstable",
        "type": "indirect"
      }
    },
    "nixpkgs_3": {
      "locked": {
        "lastModified": 1676549890,
        "narHash": "sha256-sq/WcOEAl7gWrrfGkWdnyYazRyTf+enEim/o6LOQzI8=",
        "owner": "NixOS",
        "repo": "nixpkgs",
        "rev": "8c66bd1b68f4708c90dcc97c6f7052a5a7b33257",
        "type": "github"
      },
      "original": {
        "owner": "NixOS",
        "ref": "nixpkgs-unstable",
        "repo": "nixpkgs",
        "type": "github"
      }
    },
    "nvim": {
      "inputs": {
        "flake-compat": "flake-compat_2",
        "nixpkgs": "nixpkgs_3"
      },
      "locked": {
        "dir": "nvim",
        "lastModified": 1676899646,
        "narHash": "sha256-F3Gi0EFLzrXw6lR99kR21NSwqrU+kHrPT6USxXKyF6U=",
        "owner": "imsofi",
        "repo": "dotfiles",
        "rev": "6d584abcbdc03ce29230debede8c2990dd207ae3",
        "type": "github"
      },
      "original": {
        "dir": "nvim",
        "owner": "imsofi",
        "repo": "dotfiles",
        "type": "github"
      }
    },
    "root": {
      "inputs": {
        "flake-compat": "flake-compat",
        "home-manager": "home-manager",
        "nix-index-database": "nix-index-database",
        "nixGL": "nixGL",
        "nixpkgs": "nixpkgs_2",
        "nvim": "nvim"
      }
    },
    "utils": {
      "locked": {
        "lastModified": 1667395993,
        "narHash": "sha256-nuEHfE/LcWyuSWnS8t12N1wc105Qtau+/OdUAjtQ0rA=",
        "owner": "numtide",
        "repo": "flake-utils",
        "rev": "5aed5285a952e0b949eb3ba02c12fa4fcfef535f",
        "type": "github"
      },
      "original": {
        "owner": "numtide",
        "repo": "flake-utils",
        "type": "github"
      }
    }
  },
  "root": "root",
  "version": 7
}
